# This file is automatically @generated by Cargo.
# It is not intended for manual editing.
version = 3

[[package]]
name = "akshually"
version = "0.2.2"
source = "registry+https://github.com/rust-lang/crates.io-index"
checksum = "5529fe8202197f322ac0049697105636cc16c4b014683d44b460a0478931c0cb"

[[package]]
name = "ex_19_bmi_calculator"
version = "0.1.0"
dependencies = [
 "akshually",
]
