# This file is automatically @generated by Cargo.
# It is not intended for manual editing.
version = 3

[[package]]
name = "akshually"
version = "0.1.2"
source = "registry+https://github.com/rust-lang/crates.io-index"
checksum = "ffd91cf56e683478989af414d75d55dd5b39a89a55d0b73f069e5b7aedb213a0"

[[package]]
name = "ex_16_legal_driving_age"
version = "0.1.0"
dependencies = [
 "akshually",
]
