# This file is automatically @generated by Cargo.
# It is not intended for manual editing.
version = 3

[[package]]
name = "akshually"
version = "0.1.3"
source = "registry+https://github.com/rust-lang/crates.io-index"
checksum = "19b7e28058fc1634eaaead7d76a465a0aba0a2119be7ee412617b3e124645e44"

[[package]]
name = "ex_17_blood_alcohol_calculator"
version = "0.1.0"
dependencies = [
 "akshually",
]
